// !$*UTF8*$!
{
	archiveVersion = 1;
	classes = {
	};
	objectVersion = 48;
	objects = {

/* Begin PBXBuildFile section */
		4615E753203DE84000618407 /* AppDelegate.swift in Sources */ = {isa = PBXBuildFile; fileRef = 4615E752203DE84000618407 /* AppDelegate.swift */; };
		4615E755203DE84100618407 /* ViewController.swift in Sources */ = {isa = PBXBuildFile; fileRef = 4615E754203DE84100618407 /* ViewController.swift */; };
		4615E758203DE84100618407 /* Main.storyboard in Resources */ = {isa = PBXBuildFile; fileRef = 4615E756203DE84100618407 /* Main.storyboard */; };
		4615E75B203DE84100618407 /* SimpleList.xcdatamodeld in Sources */ = {isa = PBXBuildFile; fileRef = 4615E759203DE84100618407 /* SimpleList.xcdatamodeld */; };
		4615E75D203DE84100618407 /* Assets.xcassets in Resources */ = {isa = PBXBuildFile; fileRef = 4615E75C203DE84100618407 /* Assets.xcassets */; };
		4615E760203DE84100618407 /* LaunchScreen.storyboard in Resources */ = {isa = PBXBuildFile; fileRef = 4615E75E203DE84100618407 /* LaunchScreen.storyboard */; };
		4615E76B203DE84200618407 /* SimpleListTests.swift in Sources */ = {isa = PBXBuildFile; fileRef = 4615E76A203DE84200618407 /* SimpleListTests.swift */; };
		4615E77A203E213D00618407 /* PersonClass.swift in Sources */ = {isa = PBXBuildFile; fileRef = 4615E779203E213D00618407 /* PersonClass.swift */; };
		4615E77E203F5BF400618407 /* ItemTableViewCell.swift in Sources */ = {isa = PBXBuildFile; fileRef = 4615E77D203F5BF400618407 /* ItemTableViewCell.swift */; };
		46E46428203F605E00363278 /* ItemTableViewController.swift in Sources */ = {isa = PBXBuildFile; fileRef = 46E46427203F605E00363278 /* ItemTableViewController.swift */; };
		46E4642A203F67AE00363278 /* ItemViewController.swift in Sources */ = {isa = PBXBuildFile; fileRef = 46E46429203F67AE00363278 /* ItemViewController.swift */; };
		46E4642C20407BEB00363278 /* Item.swift in Sources */ = {isa = PBXBuildFile; fileRef = 46E4642B20407BEB00363278 /* Item.swift */; };
		46E4642E2044D33000363278 /* ZoomImageViewController.swift in Sources */ = {isa = PBXBuildFile; fileRef = 46E4642D2044D32F00363278 /* ZoomImageViewController.swift */; };
		46E464302045CE5600363278 /* LoginScreenViewController.swift in Sources */ = {isa = PBXBuildFile; fileRef = 46E4642F2045CE5600363278 /* LoginScreenViewController.swift */; };
/* End PBXBuildFile section */

/* Begin PBXContainerItemProxy section */
		4615E767203DE84200618407 /* PBXContainerItemProxy */ = {
			isa = PBXContainerItemProxy;
			containerPortal = 4615E747203DE84000618407 /* Project object */;
			proxyType = 1;
			remoteGlobalIDString = 4615E74E203DE84000618407;
			remoteInfo = SimpleList;
		};
/* End PBXContainerItemProxy section */

/* Begin PBXFileReference section */
		4615E74F203DE84000618407 /* DocVault.app */ = {isa = PBXFileReference; explicitFileType = wrapper.application; includeInIndex = 0; path = DocVault.app; sourceTree = BUILT_PRODUCTS_DIR; };
		4615E752203DE84000618407 /* AppDelegate.swift */ = {isa = PBXFileReference; lastKnownFileType = sourcecode.swift; path = AppDelegate.swift; sourceTree = "<group>"; };
		4615E754203DE84100618407 /* ViewController.swift */ = {isa = PBXFileReference; lastKnownFileType = sourcecode.swift; path = ViewController.swift; sourceTree = "<group>"; };
		4615E757203DE84100618407 /* Base */ = {isa = PBXFileReference; lastKnownFileType = file.storyboard; name = Base; path = Base.lproj/Main.storyboard; sourceTree = "<group>"; };
		4615E75A203DE84100618407 /* SimpleList.xcdatamodel */ = {isa = PBXFileReference; lastKnownFileType = wrapper.xcdatamodel; path = SimpleList.xcdatamodel; sourceTree = "<group>"; };
		4615E75C203DE84100618407 /* Assets.xcassets */ = {isa = PBXFileReference; lastKnownFileType = folder.assetcatalog; path = Assets.xcassets; sourceTree = "<group>"; };
		4615E75F203DE84100618407 /* Base */ = {isa = PBXFileReference; lastKnownFileType = file.storyboard; name = Base; path = Base.lproj/LaunchScreen.storyboard; sourceTree = "<group>"; };
		4615E761203DE84100618407 /* Info.plist */ = {isa = PBXFileReference; lastKnownFileType = text.plist.xml; path = Info.plist; sourceTree = "<group>"; };
		4615E766203DE84200618407 /* SimpleListTests.xctest */ = {isa = PBXFileReference; explicitFileType = wrapper.cfbundle; includeInIndex = 0; path = SimpleListTests.xctest; sourceTree = BUILT_PRODUCTS_DIR; };
		4615E76A203DE84200618407 /* SimpleListTests.swift */ = {isa = PBXFileReference; lastKnownFileType = sourcecode.swift; path = SimpleListTests.swift; sourceTree = "<group>"; };
		4615E76C203DE84200618407 /* Info.plist */ = {isa = PBXFileReference; lastKnownFileType = text.plist.xml; path = Info.plist; sourceTree = "<group>"; };
		4615E779203E213D00618407 /* PersonClass.swift */ = {isa = PBXFileReference; fileEncoding = 4; lastKnownFileType = sourcecode.swift; path = PersonClass.swift; sourceTree = "<group>"; };
		4615E77D203F5BF400618407 /* ItemTableViewCell.swift */ = {isa = PBXFileReference; lastKnownFileType = sourcecode.swift; path = ItemTableViewCell.swift; sourceTree = "<group>"; };
		46E46427203F605E00363278 /* ItemTableViewController.swift */ = {isa = PBXFileReference; lastKnownFileType = sourcecode.swift; path = ItemTableViewController.swift; sourceTree = "<group>"; };
		46E46429203F67AE00363278 /* ItemViewController.swift */ = {isa = PBXFileReference; lastKnownFileType = sourcecode.swift; path = ItemViewController.swift; sourceTree = "<group>"; };
		46E4642B20407BEB00363278 /* Item.swift */ = {isa = PBXFileReference; fileEncoding = 4; lastKnownFileType = sourcecode.swift; path = Item.swift; sourceTree = "<group>"; };
		46E4642D2044D32F00363278 /* ZoomImageViewController.swift */ = {isa = PBXFileReference; lastKnownFileType = sourcecode.swift; path = ZoomImageViewController.swift; sourceTree = "<group>"; };
		46E4642F2045CE5600363278 /* LoginScreenViewController.swift */ = {isa = PBXFileReference; lastKnownFileType = sourcecode.swift; path = LoginScreenViewController.swift; sourceTree = "<group>"; };
/* End PBXFileReference section */

/* Begin PBXFrameworksBuildPhase section */
		4615E74C203DE84000618407 /* Frameworks */ = {
			isa = PBXFrameworksBuildPhase;
			buildActionMask = 2147483647;
			files = (
			);
			runOnlyForDeploymentPostprocessing = 0;
		};
		4615E763203DE84200618407 /* Frameworks */ = {
			isa = PBXFrameworksBuildPhase;
			buildActionMask = 2147483647;
			files = (
			);
			runOnlyForDeploymentPostprocessing = 0;
		};
/* End PBXFrameworksBuildPhase section */

/* Begin PBXGroup section */
		4615E746203DE83F00618407 = {
			isa = PBXGroup;
			children = (
				4615E751203DE84000618407 /* SimpleList */,
				4615E769203DE84200618407 /* SimpleListTests */,
				4615E750203DE84000618407 /* Products */,
			);
			sourceTree = "<group>";
		};
		4615E750203DE84000618407 /* Products */ = {
			isa = PBXGroup;
			children = (
				4615E74F203DE84000618407 /* DocVault.app */,
				4615E766203DE84200618407 /* SimpleListTests.xctest */,
			);
			name = Products;
			sourceTree = "<group>";
		};
		4615E751203DE84000618407 /* SimpleList */ = {
			isa = PBXGroup;
			children = (
				4615E752203DE84000618407 /* AppDelegate.swift */,
				4615E754203DE84100618407 /* ViewController.swift */,
				4615E779203E213D00618407 /* PersonClass.swift */,
				46E4642B20407BEB00363278 /* Item.swift */,
				46E46427203F605E00363278 /* ItemTableViewController.swift */,
				46E4642F2045CE5600363278 /* LoginScreenViewController.swift */,
				4615E77D203F5BF400618407 /* ItemTableViewCell.swift */,
				46E46429203F67AE00363278 /* ItemViewController.swift */,
				4615E756203DE84100618407 /* Main.storyboard */,
				46E4642D2044D32F00363278 /* ZoomImageViewController.swift */,
				4615E75C203DE84100618407 /* Assets.xcassets */,
				4615E75E203DE84100618407 /* LaunchScreen.storyboard */,
				4615E761203DE84100618407 /* Info.plist */,
				4615E759203DE84100618407 /* SimpleList.xcdatamodeld */,
			);
			path = SimpleList;
			sourceTree = "<group>";
		};
		4615E769203DE84200618407 /* SimpleListTests */ = {
			isa = PBXGroup;
			children = (
				4615E76A203DE84200618407 /* SimpleListTests.swift */,
				4615E76C203DE84200618407 /* Info.plist */,
			);
			path = SimpleListTests;
			sourceTree = "<group>";
		};
/* End PBXGroup section */

/* Begin PBXNativeTarget section */
		4615E74E203DE84000618407 /* SimpleList */ = {
			isa = PBXNativeTarget;
			buildConfigurationList = 4615E76F203DE84200618407 /* Build configuration list for PBXNativeTarget "SimpleList" */;
			buildPhases = (
				4615E74B203DE84000618407 /* Sources */,
				4615E74C203DE84000618407 /* Frameworks */,
				4615E74D203DE84000618407 /* Resources */,
			);
			buildRules = (
			);
			dependencies = (
			);
			name = SimpleList;
			productName = SimpleList;
			productReference = 4615E74F203DE84000618407 /* DocVault.app */;
			productType = "com.apple.product-type.application";
		};
		4615E765203DE84200618407 /* SimpleListTests */ = {
			isa = PBXNativeTarget;
			buildConfigurationList = 4615E772203DE84200618407 /* Build configuration list for PBXNativeTarget "SimpleListTests" */;
			buildPhases = (
				4615E762203DE84200618407 /* Sources */,
				4615E763203DE84200618407 /* Frameworks */,
				4615E764203DE84200618407 /* Resources */,
			);
			buildRules = (
			);
			dependencies = (
				4615E768203DE84200618407 /* PBXTargetDependency */,
			);
			name = SimpleListTests;
			productName = SimpleListTests;
			productReference = 4615E766203DE84200618407 /* SimpleListTests.xctest */;
			productType = "com.apple.product-type.bundle.unit-test";
		};
/* End PBXNativeTarget section */

/* Begin PBXProject section */
		4615E747203DE84000618407 /* Project object */ = {
			isa = PBXProject;
			attributes = {
				LastSwiftUpdateCheck = 0920;
				LastUpgradeCheck = 0920;
				ORGANIZATIONNAME = "Craig Billings";
				TargetAttributes = {
					4615E74E203DE84000618407 = {
						CreatedOnToolsVersion = 9.2;
						ProvisioningStyle = Automatic;
					};
					4615E765203DE84200618407 = {
						CreatedOnToolsVersion = 9.2;
						ProvisioningStyle = Automatic;
						TestTargetID = 4615E74E203DE84000618407;
					};
				};
			};
			buildConfigurationList = 4615E74A203DE84000618407 /* Build configuration list for PBXProject "SimpleList" */;
			compatibilityVersion = "Xcode 8.0";
			developmentRegion = en;
			hasScannedForEncodings = 0;
			knownRegions = (
				en,
				Base,
			);
			mainGroup = 4615E746203DE83F00618407;
			productRefGroup = 4615E750203DE84000618407 /* Products */;
			projectDirPath = "";
			projectRoot = "";
			targets = (
				4615E74E203DE84000618407 /* SimpleList */,
				4615E765203DE84200618407 /* SimpleListTests */,
			);
		};
/* End PBXProject section */

/* Begin PBXResourcesBuildPhase section */
		4615E74D203DE84000618407 /* Resources */ = {
			isa = PBXResourcesBuildPhase;
			buildActionMask = 2147483647;
			files = (
				4615E760203DE84100618407 /* LaunchScreen.storyboard in Resources */,
				4615E75D203DE84100618407 /* Assets.xcassets in Resources */,
				4615E758203DE84100618407 /* Main.storyboard in Resources */,
			);
			runOnlyForDeploymentPostprocessing = 0;
		};
		4615E764203DE84200618407 /* Resources */ = {
			isa = PBXResourcesBuildPhase;
			buildActionMask = 2147483647;
			files = (
			);
			runOnlyForDeploymentPostprocessing = 0;
		};
/* End PBXResourcesBuildPhase section */

/* Begin PBXSourcesBuildPhase section */
		4615E74B203DE84000618407 /* Sources */ = {
			isa = PBXSourcesBuildPhase;
			buildActionMask = 2147483647;
			files = (
				46E4642A203F67AE00363278 /* ItemViewController.swift in Sources */,
				4615E77A203E213D00618407 /* PersonClass.swift in Sources */,
				4615E75B203DE84100618407 /* SimpleList.xcdatamodeld in Sources */,
				4615E77E203F5BF400618407 /* ItemTableViewCell.swift in Sources */,
				46E4642C20407BEB00363278 /* Item.swift in Sources */,
				4615E755203DE84100618407 /* ViewController.swift in Sources */,
				46E46428203F605E00363278 /* ItemTableViewController.swift in Sources */,
				46E4642E2044D33000363278 /* ZoomImageViewController.swift in Sources */,
				46E464302045CE5600363278 /* LoginScreenViewController.swift in Sources */,
				4615E753203DE84000618407 /* AppDelegate.swift in Sources */,
			);
			runOnlyForDeploymentPostprocessing = 0;
		};
		4615E762203DE84200618407 /* Sources */ = {
			isa = PBXSourcesBuildPhase;
			buildActionMask = 2147483647;
			files = (
				4615E76B203DE84200618407 /* SimpleListTests.swift in Sources */,
			);
			runOnlyForDeploymentPostprocessing = 0;
		};
/* End PBXSourcesBuildPhase section */

/* Begin PBXTargetDependency section */
		4615E768203DE84200618407 /* PBXTargetDependency */ = {
			isa = PBXTargetDependency;
			target = 4615E74E203DE84000618407 /* SimpleList */;
			targetProxy = 4615E767203DE84200618407 /* PBXContainerItemProxy */;
		};
/* End PBXTargetDependency section */

/* Begin PBXVariantGroup section */
		4615E756203DE84100618407 /* Main.storyboard */ = {
			isa = PBXVariantGroup;
			children = (
				4615E757203DE84100618407 /* Base */,
			);
			name = Main.storyboard;
			sourceTree = "<group>";
		};
		4615E75E203DE84100618407 /* LaunchScreen.storyboard */ = {
			isa = PBXVariantGroup;
			children = (
				4615E75F203DE84100618407 /* Base */,
			);
			name = LaunchScreen.storyboard;
			sourceTree = "<group>";
		};
/* End PBXVariantGroup section */

/* Begin XCBuildConfiguration section */
		4615E76D203DE84200618407 /* Debug */ = {
			isa = XCBuildConfiguration;
			buildSettings = {
				ALWAYS_SEARCH_USER_PATHS = NO;
				CLANG_ANALYZER_NONNULL = YES;
				CLANG_ANALYZER_NUMBER_OBJECT_CONVERSION = YES_AGGRESSIVE;
				CLANG_CXX_LANGUAGE_STANDARD = "gnu++14";
				CLANG_CXX_LIBRARY = "libc++";
				CLANG_ENABLE_MODULES = YES;
				CLANG_ENABLE_OBJC_ARC = YES;
				CLANG_WARN_BLOCK_CAPTURE_AUTORELEASING = YES;
				CLANG_WARN_BOOL_CONVERSION = YES;
				CLANG_WARN_COMMA = YES;
				CLANG_WARN_CONSTANT_CONVERSION = YES;
				CLANG_WARN_DIRECT_OBJC_ISA_USAGE = YES_ERROR;
				CLANG_WARN_DOCUMENTATION_COMMENTS = YES;
				CLANG_WARN_EMPTY_BODY = YES;
				CLANG_WARN_ENUM_CONVERSION = YES;
				CLANG_WARN_INFINITE_RECURSION = YES;
				CLANG_WARN_INT_CONVERSION = YES;
				CLANG_WARN_NON_LITERAL_NULL_CONVERSION = YES;
				CLANG_WARN_OBJC_LITERAL_CONVERSION = YES;
				CLANG_WARN_OBJC_ROOT_CLASS = YES_ERROR;
				CLANG_WARN_RANGE_LOOP_ANALYSIS = YES;
				CLANG_WARN_STRICT_PROTOTYPES = YES;
				CLANG_WARN_SUSPICIOUS_MOVE = YES;
				CLANG_WARN_UNGUARDED_AVAILABILITY = YES_AGGRESSIVE;
				CLANG_WARN_UNREACHABLE_CODE = YES;
				CLANG_WARN__DUPLICATE_METHOD_MATCH = YES;
				CODE_SIGN_IDENTITY = "iPhone Developer";
				COPY_PHASE_STRIP = NO;
				DEBUG_INFORMATION_FORMAT = dwarf;
				ENABLE_STRICT_OBJC_MSGSEND = YES;
				ENABLE_TESTABILITY = YES;
				GCC_C_LANGUAGE_STANDARD = gnu11;
				GCC_DYNAMIC_NO_PIC = NO;
				GCC_NO_COMMON_BLOCKS = YES;
				GCC_OPTIMIZATION_LEVEL = 0;
				GCC_PREPROCESSOR_DEFINITIONS = (
					"DEBUG=1",
					"$(inherited)",
				);
				GCC_WARN_64_TO_32_BIT_CONVERSION = YES;
				GCC_WARN_ABOUT_RETURN_TYPE = YES_ERROR;
				GCC_WARN_UNDECLARED_SELECTOR = YES;
				GCC_WARN_UNINITIALIZED_AUTOS = YES_AGGRESSIVE;
				GCC_WARN_UNUSED_FUNCTION = YES;
				GCC_WARN_UNUSED_VARIABLE = YES;
				IPHONEOS_DEPLOYMENT_TARGET = 10.0;
				MTL_ENABLE_DEBUG_INFO = YES;
				ONLY_ACTIVE_ARCH = YES;
				SDKROOT = iphoneos;
				SWIFT_ACTIVE_COMPILATION_CONDITIONS = DEBUG;
				SWIFT_OPTIMIZATION_LEVEL = "-Onone";
			};
			name = Debug;
		};
		4615E76E203DE84200618407 /* Release */ = {
			isa = XCBuildConfiguration;
			buildSettings = {
				ALWAYS_SEARCH_USER_PATHS = NO;
				CLANG_ANALYZER_NONNULL = YES;
				CLANG_ANALYZER_NUMBER_OBJECT_CONVERSION = YES_AGGRESSIVE;
				CLANG_CXX_LANGUAGE_STANDARD = "gnu++14";
				CLANG_CXX_LIBRARY = "libc++";
				CLANG_ENABLE_MODULES = YES;
				CLANG_ENABLE_OBJC_ARC = YES;
				CLANG_WARN_BLOCK_CAPTURE_AUTORELEASING = YES;
				CLANG_WARN_BOOL_CONVERSION = YES;
				CLANG_WARN_COMMA = YES;
				CLANG_WARN_CONSTANT_CONVERSION = YES;
				CLANG_WARN_DIRECT_OBJC_ISA_USAGE = YES_ERROR;
				CLANG_WARN_DOCUMENTATION_COMMENTS = YES;
				CLANG_WARN_EMPTY_BODY = YES;
				CLANG_WARN_ENUM_CONVERSION = YES;
				CLANG_WARN_INFINITE_RECURSION = YES;
				CLANG_WARN_INT_CONVERSION = YES;
				CLANG_WARN_NON_LITERAL_NULL_CONVERSION = YES;
				CLANG_WARN_OBJC_LITERAL_CONVERSION = YES;
				CLANG_WARN_OBJC_ROOT_CLASS = YES_ERROR;
				CLANG_WARN_RANGE_LOOP_ANALYSIS = YES;
				CLANG_WARN_STRICT_PROTOTYPES = YES;
				CLANG_WARN_SUSPICIOUS_MOVE = YES;
				CLANG_WARN_UNGUARDED_AVAILABILITY = YES_AGGRESSIVE;
				CLANG_WARN_UNREACHABLE_CODE = YES;
				CLANG_WARN__DUPLICATE_METHOD_MATCH = YES;
				CODE_SIGN_IDENTITY = "iPhone Developer";
				COPY_PHASE_STRIP = NO;
				DEBUG_INFORMATION_FORMAT = "dwarf-with-dsym";
				ENABLE_NS_ASSERTIONS = NO;
				ENABLE_STRICT_OBJC_MSGSEND = YES;
				GCC_C_LANGUAGE_STANDARD = gnu11;
				GCC_NO_COMMON_BLOCKS = YES;
				GCC_WARN_64_TO_32_BIT_CONVERSION = YES;
				GCC_WARN_ABOUT_RETURN_TYPE = YES_ERROR;
				GCC_WARN_UNDECLARED_SELECTOR = YES;
				GCC_WARN_UNINITIALIZED_AUTOS = YES_AGGRESSIVE;
				GCC_WARN_UNUSED_FUNCTION = YES;
				GCC_WARN_UNUSED_VARIABLE = YES;
				IPHONEOS_DEPLOYMENT_TARGET = 10.0;
				MTL_ENABLE_DEBUG_INFO = NO;
				SDKROOT = iphoneos;
				SWIFT_OPTIMIZATION_LEVEL = "-Owholemodule";
				VALIDATE_PRODUCT = YES;
			};
			name = Release;
		};
		4615E770203DE84200618407 /* Debug */ = {
			isa = XCBuildConfiguration;
			buildSettings = {
				ASSETCATALOG_COMPILER_APPICON_NAME = AppIcon;
				CODE_SIGN_STYLE = Automatic;
				DEVELOPMENT_TEAM = KGWN94JD3D;
				INFOPLIST_FILE = SimpleList/Info.plist;
				IPHONEOS_DEPLOYMENT_TARGET = 10.1;
				LD_RUNPATH_SEARCH_PATHS = "$(inherited) @executable_path/Frameworks";
				PRODUCT_BUNDLE_IDENTIFIER = com.craigbillings.DocVaultApp;
				PRODUCT_NAME = DocVault;
				SWIFT_VERSION = 4.0;
				TARGETED_DEVICE_FAMILY = "1,2";
			};
			name = Debug;
		};
		4615E771203DE84200618407 /* Release */ = {
			isa = XCBuildConfiguration;
			buildSettings = {
				ASSETCATALOG_COMPILER_APPICON_NAME = AppIcon;
				CODE_SIGN_STYLE = Automatic;
				DEVELOPMENT_TEAM = KGWN94JD3D;
				INFOPLIST_FILE = SimpleList/Info.plist;
				IPHONEOS_DEPLOYMENT_TARGET = 10.1;
				LD_RUNPATH_SEARCH_PATHS = "$(inherited) @executable_path/Frameworks";
				PRODUCT_BUNDLE_IDENTIFIER = com.craigbillings.DocVaultApp;
				PRODUCT_NAME = DocVault;
				SWIFT_VERSION = 4.0;
				TARGETED_DEVICE_FAMILY = "1,2";
			};
			name = Release;
		};
		4615E773203DE84200618407 /* Debug */ = {
			isa = XCBuildConfiguration;
			buildSettings = {
				ALWAYS_EMBED_SWIFT_STANDARD_LIBRARIES = YES;
				BUNDLE_LOADER = "$(TEST_HOST)";
				CODE_SIGN_STYLE = Automatic;
				DEVELOPMENT_TEAM = KGWN94JD3D;
				INFOPLIST_FILE = SimpleListTests/Info.plist;
				LD_RUNPATH_SEARCH_PATHS = "$(inherited) @executable_path/Frameworks @loader_path/Frameworks";
				PRODUCT_BUNDLE_IDENTIFIER = com.example.SimpleListTests;
				PRODUCT_NAME = "$(TARGET_NAME)";
				SWIFT_VERSION = 4.0;
				TARGETED_DEVICE_FAMILY = "1,2";
				TEST_HOST = "$(BUILT_PRODUCTS_DIR)/SimpleList.app/SimpleList";
			};
			name = Debug;
		};
		4615E774203DE84200618407 /* Release */ = {
			isa = XCBuildConfiguration;
			buildSettings = {
				ALWAYS_EMBED_SWIFT_STANDARD_LIBRARIES = YES;
				BUNDLE_LOADER = "$(TEST_HOST)";
				CODE_SIGN_STYLE = Automatic;
				DEVELOPMENT_TEAM = KGWN94JD3D;
				INFOPLIST_FILE = SimpleListTests/Info.plist;
				LD_RUNPATH_SEARCH_PATHS = "$(inherited) @executable_path/Frameworks @loader_path/Frameworks";
				PRODUCT_BUNDLE_IDENTIFIER = com.example.SimpleListTests;
				PRODUCT_NAME = "$(TARGET_NAME)";
				SWIFT_VERSION = 4.0;
				TARGETED_DEVICE_FAMILY = "1,2";
				TEST_HOST = "$(BUILT_PRODUCTS_DIR)/SimpleList.app/SimpleList";
			};
			name = Release;
		};
/* End XCBuildConfiguration section */

/* Begin XCConfigurationList section */
		4615E74A203DE84000618407 /* Build configuration list for PBXProject "SimpleList" */ = {
			isa = XCConfigurationList;
			buildConfigurations = (
				4615E76D203DE84200618407 /* Debug */,
				4615E76E203DE84200618407 /* Release */,
			);
			defaultConfigurationIsVisible = 0;
			defaultConfigurationName = Release;
		};
		4615E76F203DE84200618407 /* Build configuration list for PBXNativeTarget "SimpleList" */ = {
			isa = XCConfigurationList;
			buildConfigurations = (
				4615E770203DE84200618407 /* Debug */,
				4615E771203DE84200618407 /* Release */,
			);
			defaultConfigurationIsVisible = 0;
			defaultConfigurationName = Release;
		};
		4615E772203DE84200618407 /* Build configuration list for PBXNativeTarget "SimpleListTests" */ = {
			isa = XCConfigurationList;
			buildConfigurations = (
				4615E773203DE84200618407 /* Debug */,
				4615E774203DE84200618407 /* Release */,
			);
			defaultConfigurationIsVisible = 0;
			defaultConfigurationName = Release;
		};
/* End XCConfigurationList section */

/* Begin XCVersionGroup section */
		4615E759203DE84100618407 /* SimpleList.xcdatamodeld */ = {
			isa = XCVersionGroup;
			children = (
				4615E75A203DE84100618407 /* SimpleList.xcdatamodel */,
			);
			currentVersion = 4615E75A203DE84100618407 /* SimpleList.xcdatamodel */;
			path = SimpleList.xcdatamodeld;
			sourceTree = "<group>";
			versionGroupType = wrapper.xcdatamodel;
		};
/* End XCVersionGroup section */
	};
	rootObject = 4615E747203DE84000618407 /* Project object */;
}
